
Microsoft Visual Studio Solution File, Format Version 12.00
# Visual Studio Version 16
VisualStudioVersion = 16.0.32413.511
MinimumVisualStudioVersion = 10.0.40219.1
Project("{151D2E53-A2C4-4D7D-83FE-D05416EBD58E}") = "TeamsAutomation-Consuption", "TeamsAutomation-Consuption.deployproj", "{23162CE2-52F1-40BB-B80F-A17AC4470210}"
EndProject
Global
	GlobalSection(SolutionConfigurationPlatforms) = preSolution
		Debug|Any CPU = Debug|Any CPU
		Release|Any CPU = Release|Any CPU
	EndGlobalSection
	GlobalSection(ProjectConfigurationPlatforms) = postSolution
		{23162CE2-52F1-40BB-B80F-A17AC4470210}.Debug|Any CPU.ActiveCfg = Debug|Any CPU
		{23162CE2-52F1-40BB-B80F-A17AC4470210}.Debug|Any CPU.Build.0 = Debug|Any CPU
		{23162CE2-52F1-40BB-B80F-A17AC4470210}.Release|Any CPU.ActiveCfg = Release|Any CPU
		{23162CE2-52F1-40BB-B80F-A17AC4470210}.Release|Any CPU.Build.0 = Release|Any CPU
	EndGlobalSection
	GlobalSection(SolutionProperties) = preSolution
		HideSolutionNode = FALSE
	EndGlobalSection
	GlobalSection(ExtensibilityGlobals) = postSolution
		SolutionGuid = {3E1399E7-07A7-427E-A26A-BDC4BB068732}
	EndGlobalSection
EndGlobal
